// !$*UTF8*$!
{
	archiveVersion = 1;
	classes = {
	};
	objectVersion = 56;
	objects = {

/* Begin PBXBuildFile section */
		1B5A72622A4F094C00D58793 /* AppDelegate.swift in Sources */ = {isa = PBXBuildFile; fileRef = 1B5A72612A4F094C00D58793 /* AppDelegate.swift */; };
		1B5A72642A4F094C00D58793 /* SceneDelegate.swift in Sources */ = {isa = PBXBuildFile; fileRef = 1B5A72632A4F094C00D58793 /* SceneDelegate.swift */; };
		1B5A726B2A4F095600D58793 /* Assets.xcassets in Resources */ = {isa = PBXBuildFile; fileRef = 1B5A726A2A4F095600D58793 /* Assets.xcassets */; };
		1B5A726E2A4F095600D58793 /* LaunchScreen.storyboard in Resources */ = {isa = PBXBuildFile; fileRef = 1B5A726C2A4F095600D58793 /* LaunchScreen.storyboard */; };
		1B5A72792A4F095600D58793 /* JobServiceTests.swift in Sources */ = {isa = PBXBuildFile; fileRef = 1B5A72782A4F095600D58793 /* JobServiceTests.swift */; };
		1B5A72832A4F095600D58793 /* ios_seek_job_application_appUITests.swift in Sources */ = {isa = PBXBuildFile; fileRef = 1B5A72822A4F095600D58793 /* ios_seek_job_application_appUITests.swift */; };
		1B5A72852A4F095600D58793 /* ios_seek_job_application_appUITestsLaunchTests.swift in Sources */ = {isa = PBXBuildFile; fileRef = 1B5A72842A4F095600D58793 /* ios_seek_job_application_appUITestsLaunchTests.swift */; };
		1B5A729E2A4F0C1A00D58793 /* RootViewController.swift in Sources */ = {isa = PBXBuildFile; fileRef = 1B5A729D2A4F0C1A00D58793 /* RootViewController.swift */; };
		1B5A72A02A4F0D9400D58793 /* UIColor+Extension.swift in Sources */ = {isa = PBXBuildFile; fileRef = 1B5A729F2A4F0D9400D58793 /* UIColor+Extension.swift */; };
		1B5A72A22A4F0E3200D58793 /* UIFont+Extension.swift in Sources */ = {isa = PBXBuildFile; fileRef = 1B5A72A12A4F0E3200D58793 /* UIFont+Extension.swift */; };
		1B5A72A42A4F0EBF00D58793 /* UIViewController+Extension.swift in Sources */ = {isa = PBXBuildFile; fileRef = 1B5A72A32A4F0EBF00D58793 /* UIViewController+Extension.swift */; };
		1B5A72A62A4F12B900D58793 /* RequestMethod.swift in Sources */ = {isa = PBXBuildFile; fileRef = 1B5A72A52A4F12B900D58793 /* RequestMethod.swift */; };
		1B5A72A82A4F12CC00D58793 /* RequestError.swift in Sources */ = {isa = PBXBuildFile; fileRef = 1B5A72A72A4F12CC00D58793 /* RequestError.swift */; };
		1B5A72AA2A4F12EF00D58793 /* Endpoint.swift in Sources */ = {isa = PBXBuildFile; fileRef = 1B5A72A92A4F12EF00D58793 /* Endpoint.swift */; };
		1B5A72AC2A4F131900D58793 /* API.swift in Sources */ = {isa = PBXBuildFile; fileRef = 1B5A72AB2A4F131900D58793 /* API.swift */; };
		1B5A72AE2A4F13B600D58793 /* JobEndpoints.swift in Sources */ = {isa = PBXBuildFile; fileRef = 1B5A72AD2A4F13B600D58793 /* JobEndpoints.swift */; };
		1B5A72B22A4F14C300D58793 /* JobResponse.swift in Sources */ = {isa = PBXBuildFile; fileRef = 1B5A72B12A4F14C300D58793 /* JobResponse.swift */; };
		1B5A72B42A4F14DB00D58793 /* ApplyJobResponse.swift in Sources */ = {isa = PBXBuildFile; fileRef = 1B5A72B32A4F14DB00D58793 /* ApplyJobResponse.swift */; };
		1B5A72B62A4F154200D58793 /* JobService.swift in Sources */ = {isa = PBXBuildFile; fileRef = 1B5A72B52A4F154200D58793 /* JobService.swift */; };
		1B5A72B92A4F157900D58793 /* Mockable.swift in Sources */ = {isa = PBXBuildFile; fileRef = 1B5A72B82A4F157900D58793 /* Mockable.swift */; };
		1B5A72BB2A4F15B100D58793 /* JobServiceMockable.swift in Sources */ = {isa = PBXBuildFile; fileRef = 1B5A72BA2A4F15B100D58793 /* JobServiceMockable.swift */; };
		1B5A72C02A4F160900D58793 /* get_jobs_response.json in Resources */ = {isa = PBXBuildFile; fileRef = 1B5A72BF2A4F160900D58793 /* get_jobs_response.json */; };
		1B5A72C22A4F162600D58793 /* get_job_detail_response.json in Resources */ = {isa = PBXBuildFile; fileRef = 1B5A72C12A4F162600D58793 /* get_job_detail_response.json */; };
		1B5A72C42A4F163A00D58793 /* get_published_jobs_response.json in Resources */ = {isa = PBXBuildFile; fileRef = 1B5A72C32A4F163A00D58793 /* get_published_jobs_response.json */; };
		1B5A72C62A4F165000D58793 /* get_applied_jobs_response.json in Resources */ = {isa = PBXBuildFile; fileRef = 1B5A72C52A4F165000D58793 /* get_applied_jobs_response.json */; };
		1B5A72C82A4F166300D58793 /* put_apply_job_response.json in Resources */ = {isa = PBXBuildFile; fileRef = 1B5A72C72A4F166300D58793 /* put_apply_job_response.json */; };
		1B5A72CB2A4F181E00D58793 /* LoginVIewController.swift in Sources */ = {isa = PBXBuildFile; fileRef = 1B5A72CA2A4F181E00D58793 /* LoginVIewController.swift */; };
		1B5A72CD2A4F182600D58793 /* LoginViewModel.swift in Sources */ = {isa = PBXBuildFile; fileRef = 1B5A72CC2A4F182600D58793 /* LoginViewModel.swift */; };
		1B5A72D02A4F187800D58793 /* Localizable.strings in Resources */ = {isa = PBXBuildFile; fileRef = 1B5A72D22A4F187800D58793 /* Localizable.strings */; };
		1BB1687F2A4F1B9600907B44 /* LoginViewModelTests.swift in Sources */ = {isa = PBXBuildFile; fileRef = 1BB1687E2A4F1B9600907B44 /* LoginViewModelTests.swift */; };
		1BB168822A4F1CE200907B44 /* JobListingViewController.swift in Sources */ = {isa = PBXBuildFile; fileRef = 1BB168812A4F1CE200907B44 /* JobListingViewController.swift */; };
		1BB168842A4F1CEB00907B44 /* JobListingViewModel.swift in Sources */ = {isa = PBXBuildFile; fileRef = 1BB168832A4F1CEB00907B44 /* JobListingViewModel.swift */; };
		1BB168862A4F1D2F00907B44 /* JobDescriptionTableViewCell.swift in Sources */ = {isa = PBXBuildFile; fileRef = 1BB168852A4F1D2F00907B44 /* JobDescriptionTableViewCell.swift */; };
		1BB168882A4F1EEF00907B44 /* JobListingViewModelTests.swift in Sources */ = {isa = PBXBuildFile; fileRef = 1BB168872A4F1EEF00907B44 /* JobListingViewModelTests.swift */; };
		1BB1688B2A4F1F9800907B44 /* JobDetailViewController.swift in Sources */ = {isa = PBXBuildFile; fileRef = 1BB1688A2A4F1F9800907B44 /* JobDetailViewController.swift */; };
		1BB1688D2A4F1FA400907B44 /* JobDetailViewModel.swift in Sources */ = {isa = PBXBuildFile; fileRef = 1BB1688C2A4F1FA400907B44 /* JobDetailViewModel.swift */; };
		1BB1688F2A4F225100907B44 /* JobDetailViewModelTests.swift in Sources */ = {isa = PBXBuildFile; fileRef = 1BB1688E2A4F225100907B44 /* JobDetailViewModelTests.swift */; };
		1BB168922A4F230000907B44 /* MyApplicationViewController.swift in Sources */ = {isa = PBXBuildFile; fileRef = 1BB168912A4F230000907B44 /* MyApplicationViewController.swift */; };
		1BB168942A4F230800907B44 /* MyApplicationViewModel.swift in Sources */ = {isa = PBXBuildFile; fileRef = 1BB168932A4F230800907B44 /* MyApplicationViewModel.swift */; };
		1BB168972A4F237100907B44 /* HomeTabBarVIewController.swift in Sources */ = {isa = PBXBuildFile; fileRef = 1BB168962A4F237100907B44 /* HomeTabBarVIewController.swift */; };
		1BB168992A4F249E00907B44 /* MyApplicationViewModelTests.swift in Sources */ = {isa = PBXBuildFile; fileRef = 1BB168982A4F249E00907B44 /* MyApplicationViewModelTests.swift */; };
		1BB1689C2A4F257400907B44 /* ProfileViewController.swift in Sources */ = {isa = PBXBuildFile; fileRef = 1BB1689B2A4F257400907B44 /* ProfileViewController.swift */; };
		1BB1689E2A4F257C00907B44 /* ProfileViewModel.swift in Sources */ = {isa = PBXBuildFile; fileRef = 1BB1689D2A4F257C00907B44 /* ProfileViewModel.swift */; };
/* End PBXBuildFile section */

/* Begin PBXContainerItemProxy section */
		1B5A72752A4F095600D58793 /* PBXContainerItemProxy */ = {
			isa = PBXContainerItemProxy;
			containerPortal = 1B5A72562A4F094C00D58793 /* Project object */;
			proxyType = 1;
			remoteGlobalIDString = 1B5A725D2A4F094C00D58793;
			remoteInfo = "ios-seek-job-application-app";
		};
		1B5A727F2A4F095600D58793 /* PBXContainerItemProxy */ = {
			isa = PBXContainerItemProxy;
			containerPortal = 1B5A72562A4F094C00D58793 /* Project object */;
			proxyType = 1;
			remoteGlobalIDString = 1B5A725D2A4F094C00D58793;
			remoteInfo = "ios-seek-job-application-app";
		};
/* End PBXContainerItemProxy section */

/* Begin PBXFileReference section */
		1B5A725E2A4F094C00D58793 /* ios-seek-job-application-app.app */ = {isa = PBXFileReference; explicitFileType = wrapper.application; includeInIndex = 0; path = "ios-seek-job-application-app.app"; sourceTree = BUILT_PRODUCTS_DIR; };
		1B5A72612A4F094C00D58793 /* AppDelegate.swift */ = {isa = PBXFileReference; lastKnownFileType = sourcecode.swift; path = AppDelegate.swift; sourceTree = "<group>"; };
		1B5A72632A4F094C00D58793 /* SceneDelegate.swift */ = {isa = PBXFileReference; lastKnownFileType = sourcecode.swift; path = SceneDelegate.swift; sourceTree = "<group>"; };
		1B5A726A2A4F095600D58793 /* Assets.xcassets */ = {isa = PBXFileReference; lastKnownFileType = folder.assetcatalog; path = Assets.xcassets; sourceTree = "<group>"; };
		1B5A726D2A4F095600D58793 /* Base */ = {isa = PBXFileReference; lastKnownFileType = file.storyboard; name = Base; path = Base.lproj/LaunchScreen.storyboard; sourceTree = "<group>"; };
		1B5A726F2A4F095600D58793 /* Info.plist */ = {isa = PBXFileReference; lastKnownFileType = text.plist.xml; path = Info.plist; sourceTree = "<group>"; };
		1B5A72742A4F095600D58793 /* ios-seek-job-application-appTests.xctest */ = {isa = PBXFileReference; explicitFileType = wrapper.cfbundle; includeInIndex = 0; path = "ios-seek-job-application-appTests.xctest"; sourceTree = BUILT_PRODUCTS_DIR; };
		1B5A72782A4F095600D58793 /* JobServiceTests.swift */ = {isa = PBXFileReference; lastKnownFileType = sourcecode.swift; path = JobServiceTests.swift; sourceTree = "<group>"; };
		1B5A727E2A4F095600D58793 /* ios-seek-job-application-appUITests.xctest */ = {isa = PBXFileReference; explicitFileType = wrapper.cfbundle; includeInIndex = 0; path = "ios-seek-job-application-appUITests.xctest"; sourceTree = BUILT_PRODUCTS_DIR; };
		1B5A72822A4F095600D58793 /* ios_seek_job_application_appUITests.swift */ = {isa = PBXFileReference; lastKnownFileType = sourcecode.swift; path = ios_seek_job_application_appUITests.swift; sourceTree = "<group>"; };
		1B5A72842A4F095600D58793 /* ios_seek_job_application_appUITestsLaunchTests.swift */ = {isa = PBXFileReference; lastKnownFileType = sourcecode.swift; path = ios_seek_job_application_appUITestsLaunchTests.swift; sourceTree = "<group>"; };
		1B5A729D2A4F0C1A00D58793 /* RootViewController.swift */ = {isa = PBXFileReference; lastKnownFileType = sourcecode.swift; path = RootViewController.swift; sourceTree = "<group>"; };
		1B5A729F2A4F0D9400D58793 /* UIColor+Extension.swift */ = {isa = PBXFileReference; lastKnownFileType = sourcecode.swift; path = "UIColor+Extension.swift"; sourceTree = "<group>"; };
		1B5A72A12A4F0E3200D58793 /* UIFont+Extension.swift */ = {isa = PBXFileReference; lastKnownFileType = sourcecode.swift; path = "UIFont+Extension.swift"; sourceTree = "<group>"; };
		1B5A72A32A4F0EBF00D58793 /* UIViewController+Extension.swift */ = {isa = PBXFileReference; lastKnownFileType = sourcecode.swift; path = "UIViewController+Extension.swift"; sourceTree = "<group>"; };
		1B5A72A52A4F12B900D58793 /* RequestMethod.swift */ = {isa = PBXFileReference; lastKnownFileType = sourcecode.swift; path = RequestMethod.swift; sourceTree = "<group>"; };
		1B5A72A72A4F12CC00D58793 /* RequestError.swift */ = {isa = PBXFileReference; lastKnownFileType = sourcecode.swift; path = RequestError.swift; sourceTree = "<group>"; };
		1B5A72A92A4F12EF00D58793 /* Endpoint.swift */ = {isa = PBXFileReference; lastKnownFileType = sourcecode.swift; path = Endpoint.swift; sourceTree = "<group>"; };
		1B5A72AB2A4F131900D58793 /* API.swift */ = {isa = PBXFileReference; lastKnownFileType = sourcecode.swift; path = API.swift; sourceTree = "<group>"; };
		1B5A72AD2A4F13B600D58793 /* JobEndpoints.swift */ = {isa = PBXFileReference; lastKnownFileType = sourcecode.swift; path = JobEndpoints.swift; sourceTree = "<group>"; };
		1B5A72B12A4F14C300D58793 /* JobResponse.swift */ = {isa = PBXFileReference; lastKnownFileType = sourcecode.swift; path = JobResponse.swift; sourceTree = "<group>"; };
		1B5A72B32A4F14DB00D58793 /* ApplyJobResponse.swift */ = {isa = PBXFileReference; lastKnownFileType = sourcecode.swift; path = ApplyJobResponse.swift; sourceTree = "<group>"; };
		1B5A72B52A4F154200D58793 /* JobService.swift */ = {isa = PBXFileReference; lastKnownFileType = sourcecode.swift; path = JobService.swift; sourceTree = "<group>"; };
		1B5A72B82A4F157900D58793 /* Mockable.swift */ = {isa = PBXFileReference; lastKnownFileType = sourcecode.swift; path = Mockable.swift; sourceTree = "<group>"; };
		1B5A72BA2A4F15B100D58793 /* JobServiceMockable.swift */ = {isa = PBXFileReference; lastKnownFileType = sourcecode.swift; path = JobServiceMockable.swift; sourceTree = "<group>"; };
		1B5A72BF2A4F160900D58793 /* get_jobs_response.json */ = {isa = PBXFileReference; lastKnownFileType = text.json; path = get_jobs_response.json; sourceTree = "<group>"; };
		1B5A72C12A4F162600D58793 /* get_job_detail_response.json */ = {isa = PBXFileReference; lastKnownFileType = text.json; path = get_job_detail_response.json; sourceTree = "<group>"; };
		1B5A72C32A4F163A00D58793 /* get_published_jobs_response.json */ = {isa = PBXFileReference; lastKnownFileType = text.json; path = get_published_jobs_response.json; sourceTree = "<group>"; };
		1B5A72C52A4F165000D58793 /* get_applied_jobs_response.json */ = {isa = PBXFileReference; lastKnownFileType = text.json; path = get_applied_jobs_response.json; sourceTree = "<group>"; };
		1B5A72C72A4F166300D58793 /* put_apply_job_response.json */ = {isa = PBXFileReference; lastKnownFileType = text.json; path = put_apply_job_response.json; sourceTree = "<group>"; };
		1B5A72CA2A4F181E00D58793 /* LoginVIewController.swift */ = {isa = PBXFileReference; lastKnownFileType = sourcecode.swift; path = LoginVIewController.swift; sourceTree = "<group>"; };
		1B5A72CC2A4F182600D58793 /* LoginViewModel.swift */ = {isa = PBXFileReference; lastKnownFileType = sourcecode.swift; path = LoginViewModel.swift; sourceTree = "<group>"; };
		1B5A72D12A4F187800D58793 /* en */ = {isa = PBXFileReference; lastKnownFileType = text.plist.strings; name = en; path = en.lproj/Localizable.strings; sourceTree = "<group>"; };
		1BB1687E2A4F1B9600907B44 /* LoginViewModelTests.swift */ = {isa = PBXFileReference; lastKnownFileType = sourcecode.swift; path = LoginViewModelTests.swift; sourceTree = "<group>"; };
		1BB168812A4F1CE200907B44 /* JobListingViewController.swift */ = {isa = PBXFileReference; lastKnownFileType = sourcecode.swift; path = JobListingViewController.swift; sourceTree = "<group>"; };
		1BB168832A4F1CEB00907B44 /* JobListingViewModel.swift */ = {isa = PBXFileReference; lastKnownFileType = sourcecode.swift; path = JobListingViewModel.swift; sourceTree = "<group>"; };
		1BB168852A4F1D2F00907B44 /* JobDescriptionTableViewCell.swift */ = {isa = PBXFileReference; lastKnownFileType = sourcecode.swift; path = JobDescriptionTableViewCell.swift; sourceTree = "<group>"; };
		1BB168872A4F1EEF00907B44 /* JobListingViewModelTests.swift */ = {isa = PBXFileReference; lastKnownFileType = sourcecode.swift; path = JobListingViewModelTests.swift; sourceTree = "<group>"; };
		1BB1688A2A4F1F9800907B44 /* JobDetailViewController.swift */ = {isa = PBXFileReference; lastKnownFileType = sourcecode.swift; path = JobDetailViewController.swift; sourceTree = "<group>"; };
		1BB1688C2A4F1FA400907B44 /* JobDetailViewModel.swift */ = {isa = PBXFileReference; lastKnownFileType = sourcecode.swift; path = JobDetailViewModel.swift; sourceTree = "<group>"; };
		1BB1688E2A4F225100907B44 /* JobDetailViewModelTests.swift */ = {isa = PBXFileReference; lastKnownFileType = sourcecode.swift; path = JobDetailViewModelTests.swift; sourceTree = "<group>"; };
		1BB168912A4F230000907B44 /* MyApplicationViewController.swift */ = {isa = PBXFileReference; lastKnownFileType = sourcecode.swift; path = MyApplicationViewController.swift; sourceTree = "<group>"; };
		1BB168932A4F230800907B44 /* MyApplicationViewModel.swift */ = {isa = PBXFileReference; lastKnownFileType = sourcecode.swift; path = MyApplicationViewModel.swift; sourceTree = "<group>"; };
		1BB168962A4F237100907B44 /* HomeTabBarVIewController.swift */ = {isa = PBXFileReference; lastKnownFileType = sourcecode.swift; path = HomeTabBarVIewController.swift; sourceTree = "<group>"; };
		1BB168982A4F249E00907B44 /* MyApplicationViewModelTests.swift */ = {isa = PBXFileReference; lastKnownFileType = sourcecode.swift; path = MyApplicationViewModelTests.swift; sourceTree = "<group>"; };
		1BB1689B2A4F257400907B44 /* ProfileViewController.swift */ = {isa = PBXFileReference; lastKnownFileType = sourcecode.swift; path = ProfileViewController.swift; sourceTree = "<group>"; };
		1BB1689D2A4F257C00907B44 /* ProfileViewModel.swift */ = {isa = PBXFileReference; lastKnownFileType = sourcecode.swift; path = ProfileViewModel.swift; sourceTree = "<group>"; };
/* End PBXFileReference section */

/* Begin PBXFrameworksBuildPhase section */
		1B5A725B2A4F094C00D58793 /* Frameworks */ = {
			isa = PBXFrameworksBuildPhase;
			buildActionMask = 2147483647;
			files = (
			);
			runOnlyForDeploymentPostprocessing = 0;
		};
		1B5A72712A4F095600D58793 /* Frameworks */ = {
			isa = PBXFrameworksBuildPhase;
			buildActionMask = 2147483647;
			files = (
			);
			runOnlyForDeploymentPostprocessing = 0;
		};
		1B5A727B2A4F095600D58793 /* Frameworks */ = {
			isa = PBXFrameworksBuildPhase;
			buildActionMask = 2147483647;
			files = (
			);
			runOnlyForDeploymentPostprocessing = 0;
		};
/* End PBXFrameworksBuildPhase section */

/* Begin PBXGroup section */
		1B5A72552A4F094C00D58793 = {
			isa = PBXGroup;
			children = (
				1B5A72602A4F094C00D58793 /* ios-seek-job-application-app */,
				1B5A72772A4F095600D58793 /* ios-seek-job-application-appTests */,
				1B5A72812A4F095600D58793 /* ios-seek-job-application-appUITests */,
				1B5A725F2A4F094C00D58793 /* Products */,
			);
			sourceTree = "<group>";
		};
		1B5A725F2A4F094C00D58793 /* Products */ = {
			isa = PBXGroup;
			children = (
				1B5A725E2A4F094C00D58793 /* ios-seek-job-application-app.app */,
				1B5A72742A4F095600D58793 /* ios-seek-job-application-appTests.xctest */,
				1B5A727E2A4F095600D58793 /* ios-seek-job-application-appUITests.xctest */,
			);
			name = Products;
			sourceTree = "<group>";
		};
		1B5A72602A4F094C00D58793 /* ios-seek-job-application-app */ = {
			isa = PBXGroup;
			children = (
				1B5A72962A4F0A2F00D58793 /* Extensions */,
				1B5A72952A4F0A2700D58793 /* Networking */,
				1B5A72942A4F0A1A00D58793 /* Models */,
				1B5A72932A4F0A0A00D58793 /* Resources */,
				1B5A72922A4F0A0100D58793 /* Cells */,
				1B5A72912A4F09F600D58793 /* Controllers */,
				1B5A726F2A4F095600D58793 /* Info.plist */,
			);
			path = "ios-seek-job-application-app";
			sourceTree = "<group>";
		};
		1B5A72772A4F095600D58793 /* ios-seek-job-application-appTests */ = {
			isa = PBXGroup;
			children = (
				1B5A72BC2A4F15E200D58793 /* MockResponse */,
				1B5A72B72A4F156900D58793 /* MockServices */,
				1B5A72782A4F095600D58793 /* JobServiceTests.swift */,
				1BB168872A4F1EEF00907B44 /* JobListingViewModelTests.swift */,
				1BB1688E2A4F225100907B44 /* JobDetailViewModelTests.swift */,
				1BB168982A4F249E00907B44 /* MyApplicationViewModelTests.swift */,
				1BB1687E2A4F1B9600907B44 /* LoginViewModelTests.swift */,
			);
			path = "ios-seek-job-application-appTests";
			sourceTree = "<group>";
		};
		1B5A72812A4F095600D58793 /* ios-seek-job-application-appUITests */ = {
			isa = PBXGroup;
			children = (
				1B5A72822A4F095600D58793 /* ios_seek_job_application_appUITests.swift */,
				1B5A72842A4F095600D58793 /* ios_seek_job_application_appUITestsLaunchTests.swift */,
			);
			path = "ios-seek-job-application-appUITests";
			sourceTree = "<group>";
		};
		1B5A72912A4F09F600D58793 /* Controllers */ = {
			isa = PBXGroup;
			children = (
				1BB1689A2A4F256800907B44 /* Profile */,
				1BB168902A4F22F700907B44 /* MyApplication */,
				1BB168892A4F1F8F00907B44 /* JobDetail */,
				1BB168802A4F1CD500907B44 /* JobListing */,
				1BB168952A4F236100907B44 /* HomeTabBar */,
				1B5A72C92A4F180900D58793 /* Login */,
				1B5A729C2A4F0C0400D58793 /* Root */,
				1B5A72972A4F0A3C00D58793 /* Base */,
			);
			path = Controllers;
			sourceTree = "<group>";
		};
		1B5A72922A4F0A0100D58793 /* Cells */ = {
			isa = PBXGroup;
			children = (
				1B5A72982A4F0A5B00D58793 /* TableView */,
			);
			path = Cells;
			sourceTree = "<group>";
		};
		1B5A72932A4F0A0A00D58793 /* Resources */ = {
			isa = PBXGroup;
			children = (
				1B5A726A2A4F095600D58793 /* Assets.xcassets */,
				1B5A72D22A4F187800D58793 /* Localizable.strings */,
			);
			path = Resources;
			sourceTree = "<group>";
		};
		1B5A72942A4F0A1A00D58793 /* Models */ = {
			isa = PBXGroup;
			children = (
				1B5A72B12A4F14C300D58793 /* JobResponse.swift */,
				1B5A72B32A4F14DB00D58793 /* ApplyJobResponse.swift */,
			);
			path = Models;
			sourceTree = "<group>";
		};
		1B5A72952A4F0A2700D58793 /* Networking */ = {
			isa = PBXGroup;
			children = (
				1B5A729B2A4F0A8C00D58793 /* Services */,
				1B5A729A2A4F0A8300D58793 /* Endpoints */,
				1B5A72992A4F0A7800D58793 /* Base */,
			);
			path = Networking;
			sourceTree = "<group>";
		};
		1B5A72962A4F0A2F00D58793 /* Extensions */ = {
			isa = PBXGroup;
			children = (
				1B5A729F2A4F0D9400D58793 /* UIColor+Extension.swift */,
				1B5A72A12A4F0E3200D58793 /* UIFont+Extension.swift */,
				1B5A72A32A4F0EBF00D58793 /* UIViewController+Extension.swift */,
			);
			path = Extensions;
			sourceTree = "<group>";
		};
		1B5A72972A4F0A3C00D58793 /* Base */ = {
			isa = PBXGroup;
			children = (
				1B5A72612A4F094C00D58793 /* AppDelegate.swift */,
				1B5A72632A4F094C00D58793 /* SceneDelegate.swift */,
				1B5A726C2A4F095600D58793 /* LaunchScreen.storyboard */,
			);
			path = Base;
			sourceTree = "<group>";
		};
		1B5A72982A4F0A5B00D58793 /* TableView */ = {
			isa = PBXGroup;
			children = (
				1BB168852A4F1D2F00907B44 /* JobDescriptionTableViewCell.swift */,
			);
			path = TableView;
			sourceTree = "<group>";
		};
		1B5A72992A4F0A7800D58793 /* Base */ = {
			isa = PBXGroup;
			children = (
				1B5A72A52A4F12B900D58793 /* RequestMethod.swift */,
				1B5A72A72A4F12CC00D58793 /* RequestError.swift */,
				1B5A72A92A4F12EF00D58793 /* Endpoint.swift */,
				1B5A72AB2A4F131900D58793 /* API.swift */,
			);
			path = Base;
			sourceTree = "<group>";
		};
		1B5A729A2A4F0A8300D58793 /* Endpoints */ = {
			isa = PBXGroup;
			children = (
				1B5A72AD2A4F13B600D58793 /* JobEndpoints.swift */,
			);
			path = Endpoints;
			sourceTree = "<group>";
		};
		1B5A729B2A4F0A8C00D58793 /* Services */ = {
			isa = PBXGroup;
			children = (
				1B5A72B52A4F154200D58793 /* JobService.swift */,
			);
			path = Services;
			sourceTree = "<group>";
		};
		1B5A729C2A4F0C0400D58793 /* Root */ = {
			isa = PBXGroup;
			children = (
				1B5A729D2A4F0C1A00D58793 /* RootViewController.swift */,
			);
			path = Root;
			sourceTree = "<group>";
		};
		1B5A72B72A4F156900D58793 /* MockServices */ = {
			isa = PBXGroup;
			children = (
				1B5A72B82A4F157900D58793 /* Mockable.swift */,
				1B5A72BA2A4F15B100D58793 /* JobServiceMockable.swift */,
			);
			path = MockServices;
			sourceTree = "<group>";
		};
		1B5A72BC2A4F15E200D58793 /* MockResponse */ = {
			isa = PBXGroup;
			children = (
				1B5A72BF2A4F160900D58793 /* get_jobs_response.json */,
				1B5A72C12A4F162600D58793 /* get_job_detail_response.json */,
				1B5A72C32A4F163A00D58793 /* get_published_jobs_response.json */,
				1B5A72C52A4F165000D58793 /* get_applied_jobs_response.json */,
				1B5A72C72A4F166300D58793 /* put_apply_job_response.json */,
			);
			path = MockResponse;
			sourceTree = "<group>";
		};
		1B5A72C92A4F180900D58793 /* Login */ = {
			isa = PBXGroup;
			children = (
				1B5A72CA2A4F181E00D58793 /* LoginVIewController.swift */,
				1B5A72CC2A4F182600D58793 /* LoginViewModel.swift */,
			);
			path = Login;
			sourceTree = "<group>";
		};
		1BB168802A4F1CD500907B44 /* JobListing */ = {
			isa = PBXGroup;
			children = (
				1BB168812A4F1CE200907B44 /* JobListingViewController.swift */,
				1BB168832A4F1CEB00907B44 /* JobListingViewModel.swift */,
			);
			path = JobListing;
			sourceTree = "<group>";
		};
		1BB168892A4F1F8F00907B44 /* JobDetail */ = {
			isa = PBXGroup;
			children = (
				1BB1688A2A4F1F9800907B44 /* JobDetailViewController.swift */,
				1BB1688C2A4F1FA400907B44 /* JobDetailViewModel.swift */,
			);
			path = JobDetail;
			sourceTree = "<group>";
		};
		1BB168902A4F22F700907B44 /* MyApplication */ = {
			isa = PBXGroup;
			children = (
				1BB168912A4F230000907B44 /* MyApplicationViewController.swift */,
				1BB168932A4F230800907B44 /* MyApplicationViewModel.swift */,
			);
			path = MyApplication;
			sourceTree = "<group>";
		};
		1BB168952A4F236100907B44 /* HomeTabBar */ = {
			isa = PBXGroup;
			children = (
				1BB168962A4F237100907B44 /* HomeTabBarVIewController.swift */,
			);
			path = HomeTabBar;
			sourceTree = "<group>";
		};
		1BB1689A2A4F256800907B44 /* Profile */ = {
			isa = PBXGroup;
			children = (
				1BB1689B2A4F257400907B44 /* ProfileViewController.swift */,
				1BB1689D2A4F257C00907B44 /* ProfileViewModel.swift */,
			);
			path = Profile;
			sourceTree = "<group>";
		};
/* End PBXGroup section */

/* Begin PBXNativeTarget section */
		1B5A725D2A4F094C00D58793 /* ios-seek-job-application-app */ = {
			isa = PBXNativeTarget;
			buildConfigurationList = 1B5A72882A4F095600D58793 /* Build configuration list for PBXNativeTarget "ios-seek-job-application-app" */;
			buildPhases = (
				1B5A725A2A4F094C00D58793 /* Sources */,
				1B5A725B2A4F094C00D58793 /* Frameworks */,
				1B5A725C2A4F094C00D58793 /* Resources */,
			);
			buildRules = (
			);
			dependencies = (
			);
			name = "ios-seek-job-application-app";
			productName = "ios-seek-job-application-app";
			productReference = 1B5A725E2A4F094C00D58793 /* ios-seek-job-application-app.app */;
			productType = "com.apple.product-type.application";
		};
		1B5A72732A4F095600D58793 /* ios-seek-job-application-appTests */ = {
			isa = PBXNativeTarget;
			buildConfigurationList = 1B5A728B2A4F095600D58793 /* Build configuration list for PBXNativeTarget "ios-seek-job-application-appTests" */;
			buildPhases = (
				1B5A72702A4F095600D58793 /* Sources */,
				1B5A72712A4F095600D58793 /* Frameworks */,
				1B5A72722A4F095600D58793 /* Resources */,
			);
			buildRules = (
			);
			dependencies = (
				1B5A72762A4F095600D58793 /* PBXTargetDependency */,
			);
			name = "ios-seek-job-application-appTests";
			productName = "ios-seek-job-application-appTests";
			productReference = 1B5A72742A4F095600D58793 /* ios-seek-job-application-appTests.xctest */;
			productType = "com.apple.product-type.bundle.unit-test";
		};
		1B5A727D2A4F095600D58793 /* ios-seek-job-application-appUITests */ = {
			isa = PBXNativeTarget;
			buildConfigurationList = 1B5A728E2A4F095600D58793 /* Build configuration list for PBXNativeTarget "ios-seek-job-application-appUITests" */;
			buildPhases = (
				1B5A727A2A4F095600D58793 /* Sources */,
				1B5A727B2A4F095600D58793 /* Frameworks */,
				1B5A727C2A4F095600D58793 /* Resources */,
			);
			buildRules = (
			);
			dependencies = (
				1B5A72802A4F095600D58793 /* PBXTargetDependency */,
			);
			name = "ios-seek-job-application-appUITests";
			productName = "ios-seek-job-application-appUITests";
			productReference = 1B5A727E2A4F095600D58793 /* ios-seek-job-application-appUITests.xctest */;
			productType = "com.apple.product-type.bundle.ui-testing";
		};
/* End PBXNativeTarget section */

/* Begin PBXProject section */
		1B5A72562A4F094C00D58793 /* Project object */ = {
			isa = PBXProject;
			attributes = {
				BuildIndependentTargetsInParallel = 1;
				LastSwiftUpdateCheck = 1420;
				LastUpgradeCheck = 1420;
				TargetAttributes = {
					1B5A725D2A4F094C00D58793 = {
						CreatedOnToolsVersion = 14.2;
					};
					1B5A72732A4F095600D58793 = {
						CreatedOnToolsVersion = 14.2;
						TestTargetID = 1B5A725D2A4F094C00D58793;
					};
					1B5A727D2A4F095600D58793 = {
						CreatedOnToolsVersion = 14.2;
						TestTargetID = 1B5A725D2A4F094C00D58793;
					};
				};
			};
			buildConfigurationList = 1B5A72592A4F094C00D58793 /* Build configuration list for PBXProject "ios-seek-job-application-app" */;
			compatibilityVersion = "Xcode 14.0";
			developmentRegion = en;
			hasScannedForEncodings = 0;
			knownRegions = (
				en,
				Base,
			);
			mainGroup = 1B5A72552A4F094C00D58793;
			productRefGroup = 1B5A725F2A4F094C00D58793 /* Products */;
			projectDirPath = "";
			projectRoot = "";
			targets = (
				1B5A725D2A4F094C00D58793 /* ios-seek-job-application-app */,
				1B5A72732A4F095600D58793 /* ios-seek-job-application-appTests */,
				1B5A727D2A4F095600D58793 /* ios-seek-job-application-appUITests */,
			);
		};
/* End PBXProject section */

/* Begin PBXResourcesBuildPhase section */
		1B5A725C2A4F094C00D58793 /* Resources */ = {
			isa = PBXResourcesBuildPhase;
			buildActionMask = 2147483647;
			files = (
				1B5A726E2A4F095600D58793 /* LaunchScreen.storyboard in Resources */,
				1B5A72D02A4F187800D58793 /* Localizable.strings in Resources */,
				1B5A726B2A4F095600D58793 /* Assets.xcassets in Resources */,
			);
			runOnlyForDeploymentPostprocessing = 0;
		};
		1B5A72722A4F095600D58793 /* Resources */ = {
			isa = PBXResourcesBuildPhase;
			buildActionMask = 2147483647;
			files = (
				1B5A72C82A4F166300D58793 /* put_apply_job_response.json in Resources */,
				1B5A72C22A4F162600D58793 /* get_job_detail_response.json in Resources */,
				1B5A72C02A4F160900D58793 /* get_jobs_response.json in Resources */,
				1B5A72C42A4F163A00D58793 /* get_published_jobs_response.json in Resources */,
				1B5A72C62A4F165000D58793 /* get_applied_jobs_response.json in Resources */,
			);
			runOnlyForDeploymentPostprocessing = 0;
		};
		1B5A727C2A4F095600D58793 /* Resources */ = {
			isa = PBXResourcesBuildPhase;
			buildActionMask = 2147483647;
			files = (
			);
			runOnlyForDeploymentPostprocessing = 0;
		};
/* End PBXResourcesBuildPhase section */

/* Begin PBXSourcesBuildPhase section */
		1B5A725A2A4F094C00D58793 /* Sources */ = {
			isa = PBXSourcesBuildPhase;
			buildActionMask = 2147483647;
			files = (
				1B5A72A82A4F12CC00D58793 /* RequestError.swift in Sources */,
				1B5A72AA2A4F12EF00D58793 /* Endpoint.swift in Sources */,
				1B5A72B22A4F14C300D58793 /* JobResponse.swift in Sources */,
				1B5A72A42A4F0EBF00D58793 /* UIViewController+Extension.swift in Sources */,
				1B5A72CD2A4F182600D58793 /* LoginViewModel.swift in Sources */,
				1BB168922A4F230000907B44 /* MyApplicationViewController.swift in Sources */,
				1B5A72622A4F094C00D58793 /* AppDelegate.swift in Sources */,
				1B5A72AC2A4F131900D58793 /* API.swift in Sources */,
				1B5A72642A4F094C00D58793 /* SceneDelegate.swift in Sources */,
				1B5A72B62A4F154200D58793 /* JobService.swift in Sources */,
				1BB1689E2A4F257C00907B44 /* ProfileViewModel.swift in Sources */,
				1B5A72AE2A4F13B600D58793 /* JobEndpoints.swift in Sources */,
				1B5A72CB2A4F181E00D58793 /* LoginVIewController.swift in Sources */,
				1BB168942A4F230800907B44 /* MyApplicationViewModel.swift in Sources */,
				1B5A729E2A4F0C1A00D58793 /* RootViewController.swift in Sources */,
				1B5A72A62A4F12B900D58793 /* RequestMethod.swift in Sources */,
				1B5A72A22A4F0E3200D58793 /* UIFont+Extension.swift in Sources */,
				1BB168862A4F1D2F00907B44 /* JobDescriptionTableViewCell.swift in Sources */,
				1B5A72B42A4F14DB00D58793 /* ApplyJobResponse.swift in Sources */,
				1BB168842A4F1CEB00907B44 /* JobListingViewModel.swift in Sources */,
				1BB1688B2A4F1F9800907B44 /* JobDetailViewController.swift in Sources */,
				1BB168822A4F1CE200907B44 /* JobListingViewController.swift in Sources */,
				1BB168972A4F237100907B44 /* HomeTabBarVIewController.swift in Sources */,
				1BB1689C2A4F257400907B44 /* ProfileViewController.swift in Sources */,
				1B5A72A02A4F0D9400D58793 /* UIColor+Extension.swift in Sources */,
				1BB1688D2A4F1FA400907B44 /* JobDetailViewModel.swift in Sources */,
			);
			runOnlyForDeploymentPostprocessing = 0;
		};
		1B5A72702A4F095600D58793 /* Sources */ = {
			isa = PBXSourcesBuildPhase;
			buildActionMask = 2147483647;
			files = (
				1BB1687F2A4F1B9600907B44 /* LoginViewModelTests.swift in Sources */,
				1BB168882A4F1EEF00907B44 /* JobListingViewModelTests.swift in Sources */,
				1B5A72792A4F095600D58793 /* JobServiceTests.swift in Sources */,
				1BB168992A4F249E00907B44 /* MyApplicationViewModelTests.swift in Sources */,
				1BB1688F2A4F225100907B44 /* JobDetailViewModelTests.swift in Sources */,
				1B5A72B92A4F157900D58793 /* Mockable.swift in Sources */,
				1B5A72BB2A4F15B100D58793 /* JobServiceMockable.swift in Sources */,
			);
			runOnlyForDeploymentPostprocessing = 0;
		};
		1B5A727A2A4F095600D58793 /* Sources */ = {
			isa = PBXSourcesBuildPhase;
			buildActionMask = 2147483647;
			files = (
				1B5A72832A4F095600D58793 /* ios_seek_job_application_appUITests.swift in Sources */,
				1B5A72852A4F095600D58793 /* ios_seek_job_application_appUITestsLaunchTests.swift in Sources */,
			);
			runOnlyForDeploymentPostprocessing = 0;
		};
/* End PBXSourcesBuildPhase section */

/* Begin PBXTargetDependency section */
		1B5A72762A4F095600D58793 /* PBXTargetDependency */ = {
			isa = PBXTargetDependency;
			target = 1B5A725D2A4F094C00D58793 /* ios-seek-job-application-app */;
			targetProxy = 1B5A72752A4F095600D58793 /* PBXContainerItemProxy */;
		};
		1B5A72802A4F095600D58793 /* PBXTargetDependency */ = {
			isa = PBXTargetDependency;
			target = 1B5A725D2A4F094C00D58793 /* ios-seek-job-application-app */;
			targetProxy = 1B5A727F2A4F095600D58793 /* PBXContainerItemProxy */;
		};
/* End PBXTargetDependency section */

/* Begin PBXVariantGroup section */
		1B5A726C2A4F095600D58793 /* LaunchScreen.storyboard */ = {
			isa = PBXVariantGroup;
			children = (
				1B5A726D2A4F095600D58793 /* Base */,
			);
			name = LaunchScreen.storyboard;
			sourceTree = "<group>";
		};
		1B5A72D22A4F187800D58793 /* Localizable.strings */ = {
			isa = PBXVariantGroup;
			children = (
				1B5A72D12A4F187800D58793 /* en */,
			);
			name = Localizable.strings;
			sourceTree = "<group>";
		};
/* End PBXVariantGroup section */

/* Begin XCBuildConfiguration section */
		1B5A72862A4F095600D58793 /* Debug */ = {
			isa = XCBuildConfiguration;
			buildSettings = {
				ALWAYS_SEARCH_USER_PATHS = NO;
				CLANG_ANALYZER_NONNULL = YES;
				CLANG_ANALYZER_NUMBER_OBJECT_CONVERSION = YES_AGGRESSIVE;
				CLANG_CXX_LANGUAGE_STANDARD = "gnu++20";
				CLANG_ENABLE_MODULES = YES;
				CLANG_ENABLE_OBJC_ARC = YES;
				CLANG_ENABLE_OBJC_WEAK = YES;
				CLANG_WARN_BLOCK_CAPTURE_AUTORELEASING = YES;
				CLANG_WARN_BOOL_CONVERSION = YES;
				CLANG_WARN_COMMA = YES;
				CLANG_WARN_CONSTANT_CONVERSION = YES;
				CLANG_WARN_DEPRECATED_OBJC_IMPLEMENTATIONS = YES;
				CLANG_WARN_DIRECT_OBJC_ISA_USAGE = YES_ERROR;
				CLANG_WARN_DOCUMENTATION_COMMENTS = YES;
				CLANG_WARN_EMPTY_BODY = YES;
				CLANG_WARN_ENUM_CONVERSION = YES;
				CLANG_WARN_INFINITE_RECURSION = YES;
				CLANG_WARN_INT_CONVERSION = YES;
				CLANG_WARN_NON_LITERAL_NULL_CONVERSION = YES;
				CLANG_WARN_OBJC_IMPLICIT_RETAIN_SELF = YES;
				CLANG_WARN_OBJC_LITERAL_CONVERSION = YES;
				CLANG_WARN_OBJC_ROOT_CLASS = YES_ERROR;
				CLANG_WARN_QUOTED_INCLUDE_IN_FRAMEWORK_HEADER = YES;
				CLANG_WARN_RANGE_LOOP_ANALYSIS = YES;
				CLANG_WARN_STRICT_PROTOTYPES = YES;
				CLANG_WARN_SUSPICIOUS_MOVE = YES;
				CLANG_WARN_UNGUARDED_AVAILABILITY = YES_AGGRESSIVE;
				CLANG_WARN_UNREACHABLE_CODE = YES;
				CLANG_WARN__DUPLICATE_METHOD_MATCH = YES;
				COPY_PHASE_STRIP = NO;
				DEBUG_INFORMATION_FORMAT = dwarf;
				ENABLE_STRICT_OBJC_MSGSEND = YES;
				ENABLE_TESTABILITY = YES;
				GCC_C_LANGUAGE_STANDARD = gnu11;
				GCC_DYNAMIC_NO_PIC = NO;
				GCC_NO_COMMON_BLOCKS = YES;
				GCC_OPTIMIZATION_LEVEL = 0;
				GCC_PREPROCESSOR_DEFINITIONS = (
					"DEBUG=1",
					"$(inherited)",
				);
				GCC_WARN_64_TO_32_BIT_CONVERSION = YES;
				GCC_WARN_ABOUT_RETURN_TYPE = YES_ERROR;
				GCC_WARN_UNDECLARED_SELECTOR = YES;
				GCC_WARN_UNINITIALIZED_AUTOS = YES_AGGRESSIVE;
				GCC_WARN_UNUSED_FUNCTION = YES;
				GCC_WARN_UNUSED_VARIABLE = YES;
				IPHONEOS_DEPLOYMENT_TARGET = 16.2;
				MTL_ENABLE_DEBUG_INFO = INCLUDE_SOURCE;
				MTL_FAST_MATH = YES;
				ONLY_ACTIVE_ARCH = YES;
				SDKROOT = iphoneos;
				SWIFT_ACTIVE_COMPILATION_CONDITIONS = DEBUG;
				SWIFT_OPTIMIZATION_LEVEL = "-Onone";
			};
			name = Debug;
		};
		1B5A72872A4F095600D58793 /* Release */ = {
			isa = XCBuildConfiguration;
			buildSettings = {
				ALWAYS_SEARCH_USER_PATHS = NO;
				CLANG_ANALYZER_NONNULL = YES;
				CLANG_ANALYZER_NUMBER_OBJECT_CONVERSION = YES_AGGRESSIVE;
				CLANG_CXX_LANGUAGE_STANDARD = "gnu++20";
				CLANG_ENABLE_MODULES = YES;
				CLANG_ENABLE_OBJC_ARC = YES;
				CLANG_ENABLE_OBJC_WEAK = YES;
				CLANG_WARN_BLOCK_CAPTURE_AUTORELEASING = YES;
				CLANG_WARN_BOOL_CONVERSION = YES;
				CLANG_WARN_COMMA = YES;
				CLANG_WARN_CONSTANT_CONVERSION = YES;
				CLANG_WARN_DEPRECATED_OBJC_IMPLEMENTATIONS = YES;
				CLANG_WARN_DIRECT_OBJC_ISA_USAGE = YES_ERROR;
				CLANG_WARN_DOCUMENTATION_COMMENTS = YES;
				CLANG_WARN_EMPTY_BODY = YES;
				CLANG_WARN_ENUM_CONVERSION = YES;
				CLANG_WARN_INFINITE_RECURSION = YES;
				CLANG_WARN_INT_CONVERSION = YES;
				CLANG_WARN_NON_LITERAL_NULL_CONVERSION = YES;
				CLANG_WARN_OBJC_IMPLICIT_RETAIN_SELF = YES;
				CLANG_WARN_OBJC_LITERAL_CONVERSION = YES;
				CLANG_WARN_OBJC_ROOT_CLASS = YES_ERROR;
				CLANG_WARN_QUOTED_INCLUDE_IN_FRAMEWORK_HEADER = YES;
				CLANG_WARN_RANGE_LOOP_ANALYSIS = YES;
				CLANG_WARN_STRICT_PROTOTYPES = YES;
				CLANG_WARN_SUSPICIOUS_MOVE = YES;
				CLANG_WARN_UNGUARDED_AVAILABILITY = YES_AGGRESSIVE;
				CLANG_WARN_UNREACHABLE_CODE = YES;
				CLANG_WARN__DUPLICATE_METHOD_MATCH = YES;
				COPY_PHASE_STRIP = NO;
				DEBUG_INFORMATION_FORMAT = "dwarf-with-dsym";
				ENABLE_NS_ASSERTIONS = NO;
				ENABLE_STRICT_OBJC_MSGSEND = YES;
				GCC_C_LANGUAGE_STANDARD = gnu11;
				GCC_NO_COMMON_BLOCKS = YES;
				GCC_WARN_64_TO_32_BIT_CONVERSION = YES;
				GCC_WARN_ABOUT_RETURN_TYPE = YES_ERROR;
				GCC_WARN_UNDECLARED_SELECTOR = YES;
				GCC_WARN_UNINITIALIZED_AUTOS = YES_AGGRESSIVE;
				GCC_WARN_UNUSED_FUNCTION = YES;
				GCC_WARN_UNUSED_VARIABLE = YES;
				IPHONEOS_DEPLOYMENT_TARGET = 16.2;
				MTL_ENABLE_DEBUG_INFO = NO;
				MTL_FAST_MATH = YES;
				SDKROOT = iphoneos;
				SWIFT_COMPILATION_MODE = wholemodule;
				SWIFT_OPTIMIZATION_LEVEL = "-O";
				VALIDATE_PRODUCT = YES;
			};
			name = Release;
		};
		1B5A72892A4F095600D58793 /* Debug */ = {
			isa = XCBuildConfiguration;
			buildSettings = {
				ASSETCATALOG_COMPILER_APPICON_NAME = AppIcon;
				ASSETCATALOG_COMPILER_GLOBAL_ACCENT_COLOR_NAME = AccentColor;
				CODE_SIGN_STYLE = Automatic;
				CURRENT_PROJECT_VERSION = 1;
				DEVELOPMENT_TEAM = R53DENZ7QG;
				GENERATE_INFOPLIST_FILE = YES;
				INFOPLIST_FILE = "ios-seek-job-application-app/Info.plist";
				INFOPLIST_KEY_UIApplicationSupportsIndirectInputEvents = YES;
				INFOPLIST_KEY_UILaunchStoryboardName = LaunchScreen;
				INFOPLIST_KEY_UIMainStoryboardFile = "";
				INFOPLIST_KEY_UISupportedInterfaceOrientations = UIInterfaceOrientationPortrait;
				INFOPLIST_KEY_UISupportedInterfaceOrientations_iPad = "UIInterfaceOrientationLandscapeLeft UIInterfaceOrientationLandscapeRight UIInterfaceOrientationPortrait UIInterfaceOrientationPortraitUpsideDown";
				IPHONEOS_DEPLOYMENT_TARGET = 13.0;
				LD_RUNPATH_SEARCH_PATHS = (
					"$(inherited)",
					"@executable_path/Frameworks",
				);
				MARKETING_VERSION = 1.0;
				PRODUCT_BUNDLE_IDENTIFIER = "com.hasifofficial.ios-seek-job-application-app";
				PRODUCT_NAME = "$(TARGET_NAME)";
				SUPPORTED_PLATFORMS = "iphoneos iphonesimulator";
				SUPPORTS_MACCATALYST = NO;
				SUPPORTS_MAC_DESIGNED_FOR_IPHONE_IPAD = NO;
				SWIFT_EMIT_LOC_STRINGS = YES;
				SWIFT_VERSION = 5.0;
				TARGETED_DEVICE_FAMILY = 1;
			};
			name = Debug;
		};
		1B5A728A2A4F095600D58793 /* Release */ = {
			isa = XCBuildConfiguration;
			buildSettings = {
				ASSETCATALOG_COMPILER_APPICON_NAME = AppIcon;
				ASSETCATALOG_COMPILER_GLOBAL_ACCENT_COLOR_NAME = AccentColor;
				CODE_SIGN_STYLE = Automatic;
				CURRENT_PROJECT_VERSION = 1;
				DEVELOPMENT_TEAM = R53DENZ7QG;
				GENERATE_INFOPLIST_FILE = YES;
				INFOPLIST_FILE = "ios-seek-job-application-app/Info.plist";
				INFOPLIST_KEY_UIApplicationSupportsIndirectInputEvents = YES;
				INFOPLIST_KEY_UILaunchStoryboardName = LaunchScreen;
				INFOPLIST_KEY_UIMainStoryboardFile = "";
				INFOPLIST_KEY_UISupportedInterfaceOrientations = UIInterfaceOrientationPortrait;
				INFOPLIST_KEY_UISupportedInterfaceOrientations_iPad = "UIInterfaceOrientationLandscapeLeft UIInterfaceOrientationLandscapeRight UIInterfaceOrientationPortrait UIInterfaceOrientationPortraitUpsideDown";
				IPHONEOS_DEPLOYMENT_TARGET = 13.0;
				LD_RUNPATH_SEARCH_PATHS = (
					"$(inherited)",
					"@executable_path/Frameworks",
				);
				MARKETING_VERSION = 1.0;
				PRODUCT_BUNDLE_IDENTIFIER = "com.hasifofficial.ios-seek-job-application-app";
				PRODUCT_NAME = "$(TARGET_NAME)";
				SUPPORTED_PLATFORMS = "iphoneos iphonesimulator";
				SUPPORTS_MACCATALYST = NO;
				SUPPORTS_MAC_DESIGNED_FOR_IPHONE_IPAD = NO;
				SWIFT_EMIT_LOC_STRINGS = YES;
				SWIFT_VERSION = 5.0;
				TARGETED_DEVICE_FAMILY = 1;
			};
			name = Release;
		};
		1B5A728C2A4F095600D58793 /* Debug */ = {
			isa = XCBuildConfiguration;
			buildSettings = {
				ALWAYS_EMBED_SWIFT_STANDARD_LIBRARIES = YES;
				BUNDLE_LOADER = "$(TEST_HOST)";
				CODE_SIGN_STYLE = Automatic;
				CURRENT_PROJECT_VERSION = 1;
				DEVELOPMENT_TEAM = R53DENZ7QG;
				GENERATE_INFOPLIST_FILE = YES;
				IPHONEOS_DEPLOYMENT_TARGET = 16.2;
				MARKETING_VERSION = 1.0;
				PRODUCT_BUNDLE_IDENTIFIER = "com.hasifofficial.ios-seek-job-application-appTests";
				PRODUCT_NAME = "$(TARGET_NAME)";
				SWIFT_EMIT_LOC_STRINGS = NO;
				SWIFT_VERSION = 5.0;
				TARGETED_DEVICE_FAMILY = "1,2";
				TEST_HOST = "$(BUILT_PRODUCTS_DIR)/ios-seek-job-application-app.app/$(BUNDLE_EXECUTABLE_FOLDER_PATH)/ios-seek-job-application-app";
			};
			name = Debug;
		};
		1B5A728D2A4F095600D58793 /* Release */ = {
			isa = XCBuildConfiguration;
			buildSettings = {
				ALWAYS_EMBED_SWIFT_STANDARD_LIBRARIES = YES;
				BUNDLE_LOADER = "$(TEST_HOST)";
				CODE_SIGN_STYLE = Automatic;
				CURRENT_PROJECT_VERSION = 1;
				DEVELOPMENT_TEAM = R53DENZ7QG;
				GENERATE_INFOPLIST_FILE = YES;
				IPHONEOS_DEPLOYMENT_TARGET = 16.2;
				MARKETING_VERSION = 1.0;
				PRODUCT_BUNDLE_IDENTIFIER = "com.hasifofficial.ios-seek-job-application-appTests";
				PRODUCT_NAME = "$(TARGET_NAME)";
				SWIFT_EMIT_LOC_STRINGS = NO;
				SWIFT_VERSION = 5.0;
				TARGETED_DEVICE_FAMILY = "1,2";
				TEST_HOST = "$(BUILT_PRODUCTS_DIR)/ios-seek-job-application-app.app/$(BUNDLE_EXECUTABLE_FOLDER_PATH)/ios-seek-job-application-app";
			};
			name = Release;
		};
		1B5A728F2A4F095600D58793 /* Debug */ = {
			isa = XCBuildConfiguration;
			buildSettings = {
				ALWAYS_EMBED_SWIFT_STANDARD_LIBRARIES = YES;
				CODE_SIGN_STYLE = Automatic;
				CURRENT_PROJECT_VERSION = 1;
				DEVELOPMENT_TEAM = R53DENZ7QG;
				GENERATE_INFOPLIST_FILE = YES;
				MARKETING_VERSION = 1.0;
				PRODUCT_BUNDLE_IDENTIFIER = "com.hasifofficial.ios-seek-job-application-appUITests";
				PRODUCT_NAME = "$(TARGET_NAME)";
				SWIFT_EMIT_LOC_STRINGS = NO;
				SWIFT_VERSION = 5.0;
				TARGETED_DEVICE_FAMILY = "1,2";
				TEST_TARGET_NAME = "ios-seek-job-application-app";
			};
			name = Debug;
		};
		1B5A72902A4F095600D58793 /* Release */ = {
			isa = XCBuildConfiguration;
			buildSettings = {
				ALWAYS_EMBED_SWIFT_STANDARD_LIBRARIES = YES;
				CODE_SIGN_STYLE = Automatic;
				CURRENT_PROJECT_VERSION = 1;
				DEVELOPMENT_TEAM = R53DENZ7QG;
				GENERATE_INFOPLIST_FILE = YES;
				MARKETING_VERSION = 1.0;
				PRODUCT_BUNDLE_IDENTIFIER = "com.hasifofficial.ios-seek-job-application-appUITests";
				PRODUCT_NAME = "$(TARGET_NAME)";
				SWIFT_EMIT_LOC_STRINGS = NO;
				SWIFT_VERSION = 5.0;
				TARGETED_DEVICE_FAMILY = "1,2";
				TEST_TARGET_NAME = "ios-seek-job-application-app";
			};
			name = Release;
		};
/* End XCBuildConfiguration section */

/* Begin XCConfigurationList section */
		1B5A72592A4F094C00D58793 /* Build configuration list for PBXProject "ios-seek-job-application-app" */ = {
			isa = XCConfigurationList;
			buildConfigurations = (
				1B5A72862A4F095600D58793 /* Debug */,
				1B5A72872A4F095600D58793 /* Release */,
			);
			defaultConfigurationIsVisible = 0;
			defaultConfigurationName = Release;
		};
		1B5A72882A4F095600D58793 /* Build configuration list for PBXNativeTarget "ios-seek-job-application-app" */ = {
			isa = XCConfigurationList;
			buildConfigurations = (
				1B5A72892A4F095600D58793 /* Debug */,
				1B5A728A2A4F095600D58793 /* Release */,
			);
			defaultConfigurationIsVisible = 0;
			defaultConfigurationName = Release;
		};
		1B5A728B2A4F095600D58793 /* Build configuration list for PBXNativeTarget "ios-seek-job-application-appTests" */ = {
			isa = XCConfigurationList;
			buildConfigurations = (
				1B5A728C2A4F095600D58793 /* Debug */,
				1B5A728D2A4F095600D58793 /* Release */,
			);
			defaultConfigurationIsVisible = 0;
			defaultConfigurationName = Release;
		};
		1B5A728E2A4F095600D58793 /* Build configuration list for PBXNativeTarget "ios-seek-job-application-appUITests" */ = {
			isa = XCConfigurationList;
			buildConfigurations = (
				1B5A728F2A4F095600D58793 /* Debug */,
				1B5A72902A4F095600D58793 /* Release */,
			);
			defaultConfigurationIsVisible = 0;
			defaultConfigurationName = Release;
		};
/* End XCConfigurationList section */
	};
	rootObject = 1B5A72562A4F094C00D58793 /* Project object */;
}
